
Microsoft Visual Studio Solution File, Format Version 12.00
# Visual Studio Version 17
VisualStudioVersion = 17.4.33110.190
MinimumVisualStudioVersion = 10.0.40219.1
Project("{9A19103F-16F7-4668-BE54-9A1E7A4F7556}") = "Mx.Blazor.DApp", "Mx.Blazor.DApp\Server\Mx.Blazor.DApp.csproj", "{58AFEC62-A7B4-46E4-85B2-1040BAD87A55}"
EndProject
Project("{9A19103F-16F7-4668-BE54-9A1E7A4F7556}") = "Mx.Blazor.DApp.Client", "Mx.Blazor.DApp\Client\Mx.Blazor.DApp.Client.csproj", "{3681381B-D007-4FBA-AE0E-D14130D64610}"
EndProject
Project("{9A19103F-16F7-4668-BE54-9A1E7A4F7556}") = "Mx.Blazor.DApp.Shared", "Mx.Blazor.DApp\Shared\Mx.Blazor.DApp.Shared.csproj", "{564FF5A4-4584-40A4-A794-1A8BC5E14343}"
EndProject
Global
	GlobalSection(SolutionConfigurationPlatforms) = preSolution
		Debug|Any CPU = Debug|Any CPU
		Release|Any CPU = Release|Any CPU
	EndGlobalSection
	GlobalSection(ProjectConfigurationPlatforms) = postSolution
		{58AFEC62-A7B4-46E4-85B2-1040BAD87A55}.Debug|Any CPU.ActiveCfg = Debug|Any CPU
		{58AFEC62-A7B4-46E4-85B2-1040BAD87A55}.Debug|Any CPU.Build.0 = Debug|Any CPU
		{58AFEC62-A7B4-46E4-85B2-1040BAD87A55}.Release|Any CPU.ActiveCfg = Release|Any CPU
		{58AFEC62-A7B4-46E4-85B2-1040BAD87A55}.Release|Any CPU.Build.0 = Release|Any CPU
		{3681381B-D007-4FBA-AE0E-D14130D64610}.Debug|Any CPU.ActiveCfg = Debug|Any CPU
		{3681381B-D007-4FBA-AE0E-D14130D64610}.Debug|Any CPU.Build.0 = Debug|Any CPU
		{3681381B-D007-4FBA-AE0E-D14130D64610}.Release|Any CPU.ActiveCfg = Release|Any CPU
		{3681381B-D007-4FBA-AE0E-D14130D64610}.Release|Any CPU.Build.0 = Release|Any CPU
		{564FF5A4-4584-40A4-A794-1A8BC5E14343}.Debug|Any CPU.ActiveCfg = Debug|Any CPU
		{564FF5A4-4584-40A4-A794-1A8BC5E14343}.Debug|Any CPU.Build.0 = Debug|Any CPU
		{564FF5A4-4584-40A4-A794-1A8BC5E14343}.Release|Any CPU.ActiveCfg = Release|Any CPU
		{564FF5A4-4584-40A4-A794-1A8BC5E14343}.Release|Any CPU.Build.0 = Release|Any CPU
	EndGlobalSection
	GlobalSection(SolutionProperties) = preSolution
		HideSolutionNode = FALSE
	EndGlobalSection
	GlobalSection(ExtensibilityGlobals) = postSolution
		SolutionGuid = {586C9F9F-D3E1-4FDF-8126-143D7F35BED1}
	EndGlobalSection
EndGlobal
